// !$*UTF8*$!
{
	archiveVersion = 1;
	classes = {
	};
	objectVersion = 51;
	objects = {

/* Begin PBXBuildFile section */
		347F322624B70DF00061A238 /* AppDelegate.swift in Sources */ = {isa = PBXBuildFile; fileRef = 347F322524B70DF00061A238 /* AppDelegate.swift */; };
		347F322A24B70DF00061A238 /* ExploreVC.swift in Sources */ = {isa = PBXBuildFile; fileRef = 347F322924B70DF00061A238 /* ExploreVC.swift */; };
		347F322D24B70DF00061A238 /* Main.storyboard in Resources */ = {isa = PBXBuildFile; fileRef = 347F322B24B70DF00061A238 /* Main.storyboard */; };
		347F322F24B70E370061A238 /* Assets.xcassets in Resources */ = {isa = PBXBuildFile; fileRef = 347F322E24B70E370061A238 /* Assets.xcassets */; };
		347F323224B70E370061A238 /* LaunchScreen.storyboard in Resources */ = {isa = PBXBuildFile; fileRef = 347F323024B70E370061A238 /* LaunchScreen.storyboard */; };
		347F323A24B717100061A238 /* CompareVC.swift in Sources */ = {isa = PBXBuildFile; fileRef = 347F323924B717100061A238 /* CompareVC.swift */; };
		347F323D24B71DC90061A238 /* APIService.swift in Sources */ = {isa = PBXBuildFile; fileRef = 347F323C24B71DC90061A238 /* APIService.swift */; };
		347F324024B71DF70061A238 /* SettingsVC.swift in Sources */ = {isa = PBXBuildFile; fileRef = 347F323F24B71DF70061A238 /* SettingsVC.swift */; };
		347F324224B723260061A238 /* Enums.swift in Sources */ = {isa = PBXBuildFile; fileRef = 347F324124B723260061A238 /* Enums.swift */; };
		347F324524B726EF0061A238 /* Device.swift in Sources */ = {isa = PBXBuildFile; fileRef = 347F324424B726EF0061A238 /* Device.swift */; };
		347F324824B72D1D0061A238 /* SettingsCell.swift in Sources */ = {isa = PBXBuildFile; fileRef = 347F324724B72D1D0061A238 /* SettingsCell.swift */; };
		347F324C24B734D90061A238 /* UserConfig.swift in Sources */ = {isa = PBXBuildFile; fileRef = 347F324B24B734D90061A238 /* UserConfig.swift */; };
		7275380D03F8D871C506A18E /* Pods_YourParts_Task.framework in Frameworks */ = {isa = PBXBuildFile; fileRef = 1755671BD1006CFFB9F85A16 /* Pods_YourParts_Task.framework */; };
/* End PBXBuildFile section */

/* Begin PBXFileReference section */
		1755671BD1006CFFB9F85A16 /* Pods_YourParts_Task.framework */ = {isa = PBXFileReference; explicitFileType = wrapper.framework; includeInIndex = 0; path = Pods_YourParts_Task.framework; sourceTree = BUILT_PRODUCTS_DIR; };
		347F322224B70DEF0061A238 /* YourParts_Task.app */ = {isa = PBXFileReference; explicitFileType = wrapper.application; includeInIndex = 0; path = YourParts_Task.app; sourceTree = BUILT_PRODUCTS_DIR; };
		347F322524B70DF00061A238 /* AppDelegate.swift */ = {isa = PBXFileReference; lastKnownFileType = sourcecode.swift; path = AppDelegate.swift; sourceTree = "<group>"; };
		347F322924B70DF00061A238 /* ExploreVC.swift */ = {isa = PBXFileReference; lastKnownFileType = sourcecode.swift; path = ExploreVC.swift; sourceTree = "<group>"; };
		347F322C24B70DF00061A238 /* Base */ = {isa = PBXFileReference; lastKnownFileType = file.storyboard; name = Base; path = Base.lproj/Main.storyboard; sourceTree = "<group>"; };
		347F322E24B70E370061A238 /* Assets.xcassets */ = {isa = PBXFileReference; lastKnownFileType = folder.assetcatalog; path = Assets.xcassets; sourceTree = "<group>"; };
		347F323124B70E370061A238 /* Base */ = {isa = PBXFileReference; lastKnownFileType = file.storyboard; name = Base; path = Base.lproj/LaunchScreen.storyboard; sourceTree = "<group>"; };
		347F323324B70E370061A238 /* Info.plist */ = {isa = PBXFileReference; lastKnownFileType = text.plist.xml; path = Info.plist; sourceTree = "<group>"; };
		347F323924B717100061A238 /* CompareVC.swift */ = {isa = PBXFileReference; lastKnownFileType = sourcecode.swift; path = CompareVC.swift; sourceTree = "<group>"; };
		347F323C24B71DC90061A238 /* APIService.swift */ = {isa = PBXFileReference; lastKnownFileType = sourcecode.swift; path = APIService.swift; sourceTree = "<group>"; };
		347F323F24B71DF70061A238 /* SettingsVC.swift */ = {isa = PBXFileReference; lastKnownFileType = sourcecode.swift; path = SettingsVC.swift; sourceTree = "<group>"; };
		347F324124B723260061A238 /* Enums.swift */ = {isa = PBXFileReference; lastKnownFileType = sourcecode.swift; path = Enums.swift; sourceTree = "<group>"; };
		347F324424B726EF0061A238 /* Device.swift */ = {isa = PBXFileReference; lastKnownFileType = sourcecode.swift; path = Device.swift; sourceTree = "<group>"; };
		347F324724B72D1D0061A238 /* SettingsCell.swift */ = {isa = PBXFileReference; lastKnownFileType = sourcecode.swift; path = SettingsCell.swift; sourceTree = "<group>"; };
		347F324B24B734D90061A238 /* UserConfig.swift */ = {isa = PBXFileReference; lastKnownFileType = sourcecode.swift; path = UserConfig.swift; sourceTree = "<group>"; };
		632B94BE1682EC4F35D4E252 /* Pods-YourParts_Task.debug.xcconfig */ = {isa = PBXFileReference; includeInIndex = 1; lastKnownFileType = text.xcconfig; name = "Pods-YourParts_Task.debug.xcconfig"; path = "Target Support Files/Pods-YourParts_Task/Pods-YourParts_Task.debug.xcconfig"; sourceTree = "<group>"; };
		6F83DD6CB04F85E9CCDA3B77 /* Pods-YourParts_Task.release.xcconfig */ = {isa = PBXFileReference; includeInIndex = 1; lastKnownFileType = text.xcconfig; name = "Pods-YourParts_Task.release.xcconfig"; path = "Target Support Files/Pods-YourParts_Task/Pods-YourParts_Task.release.xcconfig"; sourceTree = "<group>"; };
/* End PBXFileReference section */

/* Begin PBXFrameworksBuildPhase section */
		347F321F24B70DEF0061A238 /* Frameworks */ = {
			isa = PBXFrameworksBuildPhase;
			buildActionMask = 2147483647;
			files = (
				7275380D03F8D871C506A18E /* Pods_YourParts_Task.framework in Frameworks */,
			);
			runOnlyForDeploymentPostprocessing = 0;
		};
/* End PBXFrameworksBuildPhase section */

/* Begin PBXGroup section */
		347F321924B70DEE0061A238 = {
			isa = PBXGroup;
			children = (
				347F322424B70DEF0061A238 /* YourParts_Task */,
				347F322324B70DEF0061A238 /* Products */,
				B54B4246DAEA3F3035612619 /* Pods */,
				C283B9C55C4442DB558C4D93 /* Frameworks */,
			);
			sourceTree = "<group>";
		};
		347F322324B70DEF0061A238 /* Products */ = {
			isa = PBXGroup;
			children = (
				347F322224B70DEF0061A238 /* YourParts_Task.app */,
			);
			name = Products;
			sourceTree = "<group>";
		};
		347F322424B70DEF0061A238 /* YourParts_Task */ = {
			isa = PBXGroup;
			children = (
				347F322524B70DF00061A238 /* AppDelegate.swift */,
				347F323E24B71DD80061A238 /* Networking */,
				347F324624B726F40061A238 /* Model */,
				347F324924B72D200061A238 /* View */,
				347F323B24B717190061A238 /* Controller */,
				347F322B24B70DF00061A238 /* Main.storyboard */,
				347F322E24B70E370061A238 /* Assets.xcassets */,
				347F323024B70E370061A238 /* LaunchScreen.storyboard */,
				347F323324B70E370061A238 /* Info.plist */,
				347F324324B723C40061A238 /* Utils */,
			);
			path = YourParts_Task;
			sourceTree = "<group>";
		};
		347F323B24B717190061A238 /* Controller */ = {
			isa = PBXGroup;
			children = (
				347F322924B70DF00061A238 /* ExploreVC.swift */,
				347F323924B717100061A238 /* CompareVC.swift */,
				347F323F24B71DF70061A238 /* SettingsVC.swift */,
			);
			path = Controller;
			sourceTree = "<group>";
		};
		347F323E24B71DD80061A238 /* Networking */ = {
			isa = PBXGroup;
			children = (
				347F323C24B71DC90061A238 /* APIService.swift */,
			);
			path = Networking;
			sourceTree = "<group>";
		};
		347F324324B723C40061A238 /* Utils */ = {
			isa = PBXGroup;
			children = (
				347F324124B723260061A238 /* Enums.swift */,
				347F324B24B734D90061A238 /* UserConfig.swift */,
			);
			path = Utils;
			sourceTree = "<group>";
		};
		347F324624B726F40061A238 /* Model */ = {
			isa = PBXGroup;
			children = (
				347F324424B726EF0061A238 /* Device.swift */,
			);
			path = Model;
			sourceTree = "<group>";
		};
		347F324924B72D200061A238 /* View */ = {
			isa = PBXGroup;
			children = (
				347F324724B72D1D0061A238 /* SettingsCell.swift */,
			);
			path = View;
			sourceTree = "<group>";
		};
		B54B4246DAEA3F3035612619 /* Pods */ = {
			isa = PBXGroup;
			children = (
				632B94BE1682EC4F35D4E252 /* Pods-YourParts_Task.debug.xcconfig */,
				6F83DD6CB04F85E9CCDA3B77 /* Pods-YourParts_Task.release.xcconfig */,
			);
			path = Pods;
			sourceTree = "<group>";
		};
		C283B9C55C4442DB558C4D93 /* Frameworks */ = {
			isa = PBXGroup;
			children = (
				1755671BD1006CFFB9F85A16 /* Pods_YourParts_Task.framework */,
			);
			name = Frameworks;
			sourceTree = "<group>";
		};
/* End PBXGroup section */

/* Begin PBXNativeTarget section */
		347F322124B70DEF0061A238 /* YourParts_Task */ = {
			isa = PBXNativeTarget;
			buildConfigurationList = 347F323624B70E370061A238 /* Build configuration list for PBXNativeTarget "YourParts_Task" */;
			buildPhases = (
				114D0B6BABF45D555A4D1FE2 /* [CP] Check Pods Manifest.lock */,
				347F321E24B70DEF0061A238 /* Sources */,
				347F321F24B70DEF0061A238 /* Frameworks */,
				347F322024B70DEF0061A238 /* Resources */,
				974ADF8AA8E63B99A633CEA0 /* [CP] Embed Pods Frameworks */,
			);
			buildRules = (
			);
			dependencies = (
			);
			name = YourParts_Task;
			productName = YourParts_Task;
			productReference = 347F322224B70DEF0061A238 /* YourParts_Task.app */;
			productType = "com.apple.product-type.application";
		};
/* End PBXNativeTarget section */

/* Begin PBXProject section */
		347F321A24B70DEE0061A238 /* Project object */ = {
			isa = PBXProject;
			attributes = {
				LastSwiftUpdateCheck = 1130;
				LastUpgradeCheck = 1130;
				ORGANIZATIONNAME = "Mohamed El-Naggar";
				TargetAttributes = {
					347F322124B70DEF0061A238 = {
						CreatedOnToolsVersion = 11.3.1;
					};
				};
			};
			buildConfigurationList = 347F321D24B70DEE0061A238 /* Build configuration list for PBXProject "YourParts_Task" */;
			compatibilityVersion = "Xcode 9.3";
			developmentRegion = en;
			hasScannedForEncodings = 0;
			knownRegions = (
				en,
				Base,
			);
			mainGroup = 347F321924B70DEE0061A238;
			productRefGroup = 347F322324B70DEF0061A238 /* Products */;
			projectDirPath = "";
			projectRoot = "";
			targets = (
				347F322124B70DEF0061A238 /* YourParts_Task */,
			);
		};
/* End PBXProject section */

/* Begin PBXResourcesBuildPhase section */
		347F322024B70DEF0061A238 /* Resources */ = {
			isa = PBXResourcesBuildPhase;
			buildActionMask = 2147483647;
			files = (
				347F323224B70E370061A238 /* LaunchScreen.storyboard in Resources */,
				347F322F24B70E370061A238 /* Assets.xcassets in Resources */,
				347F322D24B70DF00061A238 /* Main.storyboard in Resources */,
			);
			runOnlyForDeploymentPostprocessing = 0;
		};
/* End PBXResourcesBuildPhase section */

/* Begin PBXShellScriptBuildPhase section */
		114D0B6BABF45D555A4D1FE2 /* [CP] Check Pods Manifest.lock */ = {
			isa = PBXShellScriptBuildPhase;
			buildActionMask = 2147483647;
			files = (
			);
			inputFileListPaths = (
			);
			inputPaths = (
				"${PODS_PODFILE_DIR_PATH}/Podfile.lock",
				"${PODS_ROOT}/Manifest.lock",
			);
			name = "[CP] Check Pods Manifest.lock";
			outputFileListPaths = (
			);
			outputPaths = (
				"$(DERIVED_FILE_DIR)/Pods-YourParts_Task-checkManifestLockResult.txt",
			);
			runOnlyForDeploymentPostprocessing = 0;
			shellPath = /bin/sh;
			shellScript = "diff \"${PODS_PODFILE_DIR_PATH}/Podfile.lock\" \"${PODS_ROOT}/Manifest.lock\" > /dev/null\nif [ $? != 0 ] ; then\n    # print error to STDERR\n    echo \"error: The sandbox is not in sync with the Podfile.lock. Run 'pod install' or update your CocoaPods installation.\" >&2\n    exit 1\nfi\n# This output is used by Xcode 'outputs' to avoid re-running this script phase.\necho \"SUCCESS\" > \"${SCRIPT_OUTPUT_FILE_0}\"\n";
			showEnvVarsInLog = 0;
		};
		974ADF8AA8E63B99A633CEA0 /* [CP] Embed Pods Frameworks */ = {
			isa = PBXShellScriptBuildPhase;
			buildActionMask = 2147483647;
			files = (
			);
			inputFileListPaths = (
				"${PODS_ROOT}/Target Support Files/Pods-YourParts_Task/Pods-YourParts_Task-frameworks-${CONFIGURATION}-input-files.xcfilelist",
			);
			name = "[CP] Embed Pods Frameworks";
			outputFileListPaths = (
				"${PODS_ROOT}/Target Support Files/Pods-YourParts_Task/Pods-YourParts_Task-frameworks-${CONFIGURATION}-output-files.xcfilelist",
			);
			runOnlyForDeploymentPostprocessing = 0;
			shellPath = /bin/sh;
			shellScript = "\"${PODS_ROOT}/Target Support Files/Pods-YourParts_Task/Pods-YourParts_Task-frameworks.sh\"\n";
			showEnvVarsInLog = 0;
		};
/* End PBXShellScriptBuildPhase section */

/* Begin PBXSourcesBuildPhase section */
		347F321E24B70DEF0061A238 /* Sources */ = {
			isa = PBXSourcesBuildPhase;
			buildActionMask = 2147483647;
			files = (
				347F322A24B70DF00061A238 /* ExploreVC.swift in Sources */,
				347F324C24B734D90061A238 /* UserConfig.swift in Sources */,
				347F323A24B717100061A238 /* CompareVC.swift in Sources */,
				347F323D24B71DC90061A238 /* APIService.swift in Sources */,
				347F322624B70DF00061A238 /* AppDelegate.swift in Sources */,
				347F324824B72D1D0061A238 /* SettingsCell.swift in Sources */,
				347F324224B723260061A238 /* Enums.swift in Sources */,
				347F324024B71DF70061A238 /* SettingsVC.swift in Sources */,
				347F324524B726EF0061A238 /* Device.swift in Sources */,
			);
			runOnlyForDeploymentPostprocessing = 0;
		};
/* End PBXSourcesBuildPhase section */

/* Begin PBXVariantGroup section */
		347F322B24B70DF00061A238 /* Main.storyboard */ = {
			isa = PBXVariantGroup;
			children = (
				347F322C24B70DF00061A238 /* Base */,
			);
			name = Main.storyboard;
			sourceTree = "<group>";
		};
		347F323024B70E370061A238 /* LaunchScreen.storyboard */ = {
			isa = PBXVariantGroup;
			children = (
				347F323124B70E370061A238 /* Base */,
			);
			name = LaunchScreen.storyboard;
			sourceTree = "<group>";
		};
/* End PBXVariantGroup section */

/* Begin XCBuildConfiguration section */
		347F323424B70E370061A238 /* Debug */ = {
			isa = XCBuildConfiguration;
			buildSettings = {
				ALWAYS_SEARCH_USER_PATHS = NO;
				CLANG_ANALYZER_NONNULL = YES;
				CLANG_ANALYZER_NUMBER_OBJECT_CONVERSION = YES_AGGRESSIVE;
				CLANG_CXX_LANGUAGE_STANDARD = "gnu++14";
				CLANG_CXX_LIBRARY = "libc++";
				CLANG_ENABLE_MODULES = YES;
				CLANG_ENABLE_OBJC_ARC = YES;
				CLANG_ENABLE_OBJC_WEAK = YES;
				CLANG_WARN_BLOCK_CAPTURE_AUTORELEASING = YES;
				CLANG_WARN_BOOL_CONVERSION = YES;
				CLANG_WARN_COMMA = YES;
				CLANG_WARN_CONSTANT_CONVERSION = YES;
				CLANG_WARN_DEPRECATED_OBJC_IMPLEMENTATIONS = YES;
				CLANG_WARN_DIRECT_OBJC_ISA_USAGE = YES_ERROR;
				CLANG_WARN_DOCUMENTATION_COMMENTS = YES;
				CLANG_WARN_EMPTY_BODY = YES;
				CLANG_WARN_ENUM_CONVERSION = YES;
				CLANG_WARN_INFINITE_RECURSION = YES;
				CLANG_WARN_INT_CONVERSION = YES;
				CLANG_WARN_NON_LITERAL_NULL_CONVERSION = YES;
				CLANG_WARN_OBJC_IMPLICIT_RETAIN_SELF = YES;
				CLANG_WARN_OBJC_LITERAL_CONVERSION = YES;
				CLANG_WARN_OBJC_ROOT_CLASS = YES_ERROR;
				CLANG_WARN_RANGE_LOOP_ANALYSIS = YES;
				CLANG_WARN_STRICT_PROTOTYPES = YES;
				CLANG_WARN_SUSPICIOUS_MOVE = YES;
				CLANG_WARN_UNGUARDED_AVAILABILITY = YES_AGGRESSIVE;
				CLANG_WARN_UNREACHABLE_CODE = YES;
				CLANG_WARN__DUPLICATE_METHOD_MATCH = YES;
				COPY_PHASE_STRIP = NO;
				DEBUG_INFORMATION_FORMAT = dwarf;
				ENABLE_STRICT_OBJC_MSGSEND = YES;
				ENABLE_TESTABILITY = YES;
				GCC_C_LANGUAGE_STANDARD = gnu11;
				GCC_DYNAMIC_NO_PIC = NO;
				GCC_NO_COMMON_BLOCKS = YES;
				GCC_OPTIMIZATION_LEVEL = 0;
				GCC_PREPROCESSOR_DEFINITIONS = (
					"DEBUG=1",
					"$(inherited)",
				);
				GCC_WARN_64_TO_32_BIT_CONVERSION = YES;
				GCC_WARN_ABOUT_RETURN_TYPE = YES_ERROR;
				GCC_WARN_UNDECLARED_SELECTOR = YES;
				GCC_WARN_UNINITIALIZED_AUTOS = YES_AGGRESSIVE;
				GCC_WARN_UNUSED_FUNCTION = YES;
				GCC_WARN_UNUSED_VARIABLE = YES;
				IPHONEOS_DEPLOYMENT_TARGET = 13.2;
				MTL_ENABLE_DEBUG_INFO = INCLUDE_SOURCE;
				MTL_FAST_MATH = YES;
				ONLY_ACTIVE_ARCH = YES;
				SDKROOT = iphoneos;
				SWIFT_ACTIVE_COMPILATION_CONDITIONS = DEBUG;
				SWIFT_OPTIMIZATION_LEVEL = "-Onone";
			};
			name = Debug;
		};
		347F323524B70E370061A238 /* Release */ = {
			isa = XCBuildConfiguration;
			buildSettings = {
				ALWAYS_SEARCH_USER_PATHS = NO;
				CLANG_ANALYZER_NONNULL = YES;
				CLANG_ANALYZER_NUMBER_OBJECT_CONVERSION = YES_AGGRESSIVE;
				CLANG_CXX_LANGUAGE_STANDARD = "gnu++14";
				CLANG_CXX_LIBRARY = "libc++";
				CLANG_ENABLE_MODULES = YES;
				CLANG_ENABLE_OBJC_ARC = YES;
				CLANG_ENABLE_OBJC_WEAK = YES;
				CLANG_WARN_BLOCK_CAPTURE_AUTORELEASING = YES;
				CLANG_WARN_BOOL_CONVERSION = YES;
				CLANG_WARN_COMMA = YES;
				CLANG_WARN_CONSTANT_CONVERSION = YES;
				CLANG_WARN_DEPRECATED_OBJC_IMPLEMENTATIONS = YES;
				CLANG_WARN_DIRECT_OBJC_ISA_USAGE = YES_ERROR;
				CLANG_WARN_DOCUMENTATION_COMMENTS = YES;
				CLANG_WARN_EMPTY_BODY = YES;
				CLANG_WARN_ENUM_CONVERSION = YES;
				CLANG_WARN_INFINITE_RECURSION = YES;
				CLANG_WARN_INT_CONVERSION = YES;
				CLANG_WARN_NON_LITERAL_NULL_CONVERSION = YES;
				CLANG_WARN_OBJC_IMPLICIT_RETAIN_SELF = YES;
				CLANG_WARN_OBJC_LITERAL_CONVERSION = YES;
				CLANG_WARN_OBJC_ROOT_CLASS = YES_ERROR;
				CLANG_WARN_RANGE_LOOP_ANALYSIS = YES;
				CLANG_WARN_STRICT_PROTOTYPES = YES;
				CLANG_WARN_SUSPICIOUS_MOVE = YES;
				CLANG_WARN_UNGUARDED_AVAILABILITY = YES_AGGRESSIVE;
				CLANG_WARN_UNREACHABLE_CODE = YES;
				CLANG_WARN__DUPLICATE_METHOD_MATCH = YES;
				COPY_PHASE_STRIP = NO;
				DEBUG_INFORMATION_FORMAT = "dwarf-with-dsym";
				ENABLE_NS_ASSERTIONS = NO;
				ENABLE_STRICT_OBJC_MSGSEND = YES;
				GCC_C_LANGUAGE_STANDARD = gnu11;
				GCC_NO_COMMON_BLOCKS = YES;
				GCC_WARN_64_TO_32_BIT_CONVERSION = YES;
				GCC_WARN_ABOUT_RETURN_TYPE = YES_ERROR;
				GCC_WARN_UNDECLARED_SELECTOR = YES;
				GCC_WARN_UNINITIALIZED_AUTOS = YES_AGGRESSIVE;
				GCC_WARN_UNUSED_FUNCTION = YES;
				GCC_WARN_UNUSED_VARIABLE = YES;
				IPHONEOS_DEPLOYMENT_TARGET = 13.2;
				MTL_ENABLE_DEBUG_INFO = NO;
				MTL_FAST_MATH = YES;
				SDKROOT = iphoneos;
				SWIFT_COMPILATION_MODE = wholemodule;
				SWIFT_OPTIMIZATION_LEVEL = "-O";
				VALIDATE_PRODUCT = YES;
			};
			name = Release;
		};
		347F323724B70E370061A238 /* Debug */ = {
			isa = XCBuildConfiguration;
			baseConfigurationReference = 632B94BE1682EC4F35D4E252 /* Pods-YourParts_Task.debug.xcconfig */;
			buildSettings = {
				ASSETCATALOG_COMPILER_APPICON_NAME = AppIcon;
				CODE_SIGN_STYLE = Automatic;
				DEVELOPMENT_TEAM = 55AUP6T5P9;
				INFOPLIST_FILE = YourParts_Task/Info.plist;
				LD_RUNPATH_SEARCH_PATHS = (
					"$(inherited)",
					"@executable_path/Frameworks",
				);
				PRODUCT_BUNDLE_IDENTIFIER = "com.naggar.YourParts-Task";
				PRODUCT_NAME = "$(TARGET_NAME)";
				SWIFT_VERSION = 5.0;
				TARGETED_DEVICE_FAMILY = "1,2";
			};
			name = Debug;
		};
		347F323824B70E370061A238 /* Release */ = {
			isa = XCBuildConfiguration;
			baseConfigurationReference = 6F83DD6CB04F85E9CCDA3B77 /* Pods-YourParts_Task.release.xcconfig */;
			buildSettings = {
				ASSETCATALOG_COMPILER_APPICON_NAME = AppIcon;
				CODE_SIGN_STYLE = Automatic;
				DEVELOPMENT_TEAM = 55AUP6T5P9;
				INFOPLIST_FILE = YourParts_Task/Info.plist;
				LD_RUNPATH_SEARCH_PATHS = (
					"$(inherited)",
					"@executable_path/Frameworks",
				);
				PRODUCT_BUNDLE_IDENTIFIER = "com.naggar.YourParts-Task";
				PRODUCT_NAME = "$(TARGET_NAME)";
				SWIFT_VERSION = 5.0;
				TARGETED_DEVICE_FAMILY = "1,2";
			};
			name = Release;
		};
/* End XCBuildConfiguration section */

/* Begin XCConfigurationList section */
		347F321D24B70DEE0061A238 /* Build configuration list for PBXProject "YourParts_Task" */ = {
			isa = XCConfigurationList;
			buildConfigurations = (
				347F323424B70E370061A238 /* Debug */,
				347F323524B70E370061A238 /* Release */,
			);
			defaultConfigurationIsVisible = 0;
			defaultConfigurationName = Release;
		};
		347F323624B70E370061A238 /* Build configuration list for PBXNativeTarget "YourParts_Task" */ = {
			isa = XCConfigurationList;
			buildConfigurations = (
				347F323724B70E370061A238 /* Debug */,
				347F323824B70E370061A238 /* Release */,
			);
			defaultConfigurationIsVisible = 0;
			defaultConfigurationName = Release;
		};
/* End XCConfigurationList section */
	};
	rootObject = 347F321A24B70DEE0061A238 /* Project object */;
}
